
Microsoft Visual Studio Solution File, Format Version 12.00
# Visual Studio Version 16
VisualStudioVersion = 16.0.32228.343
MinimumVisualStudioVersion = 10.0.40219.1
Project("{F184B08F-C81C-45F6-A57F-5ABD9991F28F}") = "TP2_vb", "TP2_vb.vbproj", "{94321569-3498-425E-9468-9B83DD18710F}"
EndProject
Global
	GlobalSection(SolutionConfigurationPlatforms) = preSolution
		Debug|Any CPU = Debug|Any CPU
		Release|Any CPU = Release|Any CPU
	EndGlobalSection
	GlobalSection(ProjectConfigurationPlatforms) = postSolution
		{94321569-3498-425E-9468-9B83DD18710F}.Debug|Any CPU.ActiveCfg = Debug|Any CPU
		{94321569-3498-425E-9468-9B83DD18710F}.Debug|Any CPU.Build.0 = Debug|Any CPU
		{94321569-3498-425E-9468-9B83DD18710F}.Release|Any CPU.ActiveCfg = Release|Any CPU
		{94321569-3498-425E-9468-9B83DD18710F}.Release|Any CPU.Build.0 = Release|Any CPU
	EndGlobalSection
	GlobalSection(SolutionProperties) = preSolution
		HideSolutionNode = FALSE
	EndGlobalSection
	GlobalSection(ExtensibilityGlobals) = postSolution
		SolutionGuid = {D0C4AF9E-91DE-47FE-A11F-0E7D3BC1426E}
	EndGlobalSection
EndGlobal
